hash: 4ba26f59370272c5ca8a8542d7b97651606060d693bcd866b6c27d24b3c69b42
updated: 2016-02-19T15:20:05.49219728-07:00
imports:
- name: github.com/docker/engine-api
  version: 9fce4cd3fa3287f962842158509b0c438365397a
  vcs: git
  subpackages:
  - client
  - types
  - types/container
  - types/filters
  - types/network
  - types/registry
  - types/time
  - types/blkiodev
  - types/strslice
- name: github.com/docker/go-connections
  version: 34b5052da6b11e27f5f2e357b38b571ddddd3928
  subpackages:
  - nat
- name: github.com/docker/go-units
  version: 5d2041e26a699eaca682e2ea41c8f891e1060444
devImports: []
