hash: f2ba980a86f19ade97be4a27da0688f396d277f2c1938fb2abf05ccf293dd500
updated: 2016-03-17T16:44:12.488356016-06:00
imports:
- name: github.com/aws/aws-sdk-go
  version: 4151ef572710e04d25d9385114b33847ba6a923a
  vcs: git
  subpackages:
  - aws
  - aws/session
  - service/ecr
  - aws/awserr
  - aws/credentials
  - aws/client
  - aws/corehandlers
  - aws/defaults
  - aws/request
  - private/endpoints
  - aws/awsutil
  - aws/client/metadata
  - private/protocol/jsonrpc
  - private/signer/v4
  - aws/credentials/ec2rolecreds
  - aws/ec2metadata
  - private/protocol/json/jsonutil
  - private/protocol/rest
  - private/protocol
- name: github.com/docker/docker
  version: 20f81dde9bd97c86b2d0e33bbbf1388018611929
  vcs: git
  subpackages:
  - cliconfig
  - pkg/homedir
- name: github.com/docker/engine-api
  version: 9fce4cd3fa3287f962842158509b0c438365397a
  vcs: git
  subpackages:
  - client
  - types
  - types/filters
  - types/container
  - types/network
  - types/registry
  - types/time
  - types/blkiodev
  - types/strslice
- name: github.com/docker/go-connections
  version: f549a9393d05688dff0992ef3efd8bbe6c628aeb
  subpackages:
  - nat
- name: github.com/docker/go-units
  version: 5d2041e26a699eaca682e2ea41c8f891e1060444
- name: github.com/go-ini/ini
  version: 776aa739ce9373377cd16f526cdf06cb4c89b40f
- name: github.com/jmespath/go-jmespath
  version: 0b12d6b521d83fc7f755e7cfc1b1fbdd35a01a74
- name: github.com/nu7hatch/gouuid
  version: 179d4d0c4d8d407a32af483c2354df1d2c91e6c3
  vcs: git
- name: github.com/opencontainers/runc
  version: d6c22f29e331104f51bd03c932610087e877273b
  subpackages:
  - libcontainer/user
devImports: []
