hash: 4b1f4e4ac62a0a74580baa8db13213c9413a43ce194eee87f2288464f9ad73e7
updated: 2016-05-25T16:51:11.451802372-06:00
imports:
- name: github.com/aws/aws-sdk-go
  version: 4151ef572710e04d25d9385114b33847ba6a923a
  vcs: git
  subpackages:
  - aws
  - aws/session
  - service/ecr
  - service/s3
  - aws/awserr
  - aws/credentials
  - aws/client
  - aws/corehandlers
  - aws/defaults
  - aws/request
  - private/endpoints
  - aws/awsutil
  - aws/client/metadata
  - private/protocol/jsonrpc
  - private/signer/v4
  - private/protocol
  - private/protocol/restxml
  - private/waiter
  - aws/credentials/ec2rolecreds
  - aws/ec2metadata
  - private/protocol/json/jsonutil
  - private/protocol/rest
  - private/protocol/query
  - private/protocol/xml/xmlutil
  - private/protocol/query/queryutil
- name: github.com/docker/docker
  version: 20f81dde9bd97c86b2d0e33bbbf1388018611929
  vcs: git
  subpackages:
  - cliconfig
  - pkg/homedir
- name: github.com/docker/engine-api
  version: 9fce4cd3fa3287f962842158509b0c438365397a
  vcs: git
  subpackages:
  - client
  - types
  - types/filters
  - types/container
  - types/network
  - types/registry
  - types/time
  - types/blkiodev
  - types/strslice
- name: github.com/docker/go-connections
  version: f549a9393d05688dff0992ef3efd8bbe6c628aeb
  subpackages:
  - nat
- name: github.com/docker/go-units
  version: 0bbddae09c5a5419a8c6dcdd7ff90da3d450393b
- name: github.com/go-ini/ini
  version: 2e44421e256d82ebbf3d4d4fcabe8930b905eff3
- name: github.com/gorilla/context
  version: 1ea25387ff6f684839d82767c1733ff4d4d15d0a
- name: github.com/gorilla/handlers
  version: ee54c7b44cab12289237fb8631314790076e728b
  vcs: git
- name: github.com/gorilla/mux
  version: 0eeaf8392f5b04950925b8a69fe70f110fa7cbfc
  vcs: git
- name: github.com/gorilla/schema
  version: ddf016c1034e9cfd3eb5b276f626c8f04d765f6f
- name: github.com/jmespath/go-jmespath
  version: 3433f3ea46d9f8019119e7dd41274e112a2359a9
- name: github.com/nu7hatch/gouuid
  version: 179d4d0c4d8d407a32af483c2354df1d2c91e6c3
  vcs: git
- name: github.com/opencontainers/runc
  version: 7ca2aa4873aea7cb4265b1726acb24b90d8726c6
  subpackages:
  - libcontainer
  - libcontainer/user
- name: github.com/tylerb/graceful
  version: 9a3d4236b03bb5d26f7951134d248f9d5510d599
  vcs: git
- name: golang.org/x/net
  version: fb93926129b8ec0056f2f458b1f519654814edf0
  subpackages:
  - netutil
- name: k8s.io/kubernetes
  version: 5cb86ee022267586db386f62781338b0483733b3
  subpackages:
  - pkg/client/unversioned
  - pkg/client/api
devImports: []
