hash: 8e21b2088190e95453885961474c3b1beb0ada35db4449735563080c22b3abab
updated: 2017-01-24T09:23:12.158124545-08:00
imports:
- name: github.com/30x/authsdk
  version: 50e1bb8adac0afdac021b4b08091876d1a70324c
  vcs: git
- name: github.com/aws/aws-sdk-go
  version: 15bd33ce2edbdb46acdec779652ed39926682a9f
  subpackages:
  - aws
  - aws/awserr
  - aws/awsutil
  - aws/client
  - aws/client/metadata
  - aws/corehandlers
  - aws/credentials
  - aws/credentials/ec2rolecreds
  - aws/credentials/endpointcreds
  - aws/credentials/stscreds
  - aws/defaults
  - aws/ec2metadata
  - aws/endpoints
  - aws/request
  - aws/session
  - aws/signer/v4
  - private/protocol
  - private/protocol/json/jsonutil
  - private/protocol/jsonrpc
  - private/protocol/query
  - private/protocol/query/queryutil
  - private/protocol/rest
  - private/protocol/xml/xmlutil
  - service/ecr
  - service/sts
- name: github.com/docker/docker
  version: 20f81dde9bd97c86b2d0e33bbbf1388018611929
  vcs: git
  subpackages:
  - cliconfig
  - pkg/homedir
- name: github.com/docker/engine-api
  version: 0df83fcc24fb4a997df5537526306fb55aa5dca8
  vcs: git
  subpackages:
  - client
  - client/transport
  - client/transport/cancellable
  - types
  - types/blkiodev
  - types/container
  - types/filters
  - types/network
  - types/registry
  - types/strslice
  - types/time
- name: github.com/docker/go-connections
  version: 990a1a1a70b0da4c4cb70e117971a4f0babfbf1a
  subpackages:
  - nat
  - sockets
  - tlsconfig
- name: github.com/docker/go-units
  version: 0bbddae09c5a5419a8c6dcdd7ff90da3d450393b
- name: github.com/go-ini/ini
  version: 2e44421e256d82ebbf3d4d4fcabe8930b905eff3
- name: github.com/gorilla/context
  version: aed02d124ae4a0e94fea4541c8effd05bf0c8296
- name: github.com/gorilla/handlers
  version: ee54c7b44cab12289237fb8631314790076e728b
  vcs: git
- name: github.com/gorilla/mux
  version: 0eeaf8392f5b04950925b8a69fe70f110fa7cbfc
  vcs: git
- name: github.com/gorilla/schema
  version: d68043406bea8bd90f7b38e9c54fab18d903ea25
- name: github.com/jmespath/go-jmespath
  version: 3433f3ea46d9f8019119e7dd41274e112a2359a9
- name: github.com/Microsoft/go-winio
  version: ce2922f643c8fd76b46cadc7f404a06282678b34
- name: github.com/nu7hatch/gouuid
  version: 179d4d0c4d8d407a32af483c2354df1d2c91e6c3
  vcs: git
- name: github.com/onsi/ginkgo
  version: 462326b1628e124b23f42e87a8f2750e3c4e2d24
  subpackages:
  - config
  - internal/codelocation
  - internal/containernode
  - internal/failer
  - internal/leafnodes
  - internal/remote
  - internal/spec
  - internal/specrunner
  - internal/suite
  - internal/testingtproxy
  - internal/writer
  - reporters
  - reporters/stenographer
  - types
- name: github.com/opencontainers/runc
  version: 7ca2aa4873aea7cb4265b1726acb24b90d8726c6
  subpackages:
  - libcontainer/user
- name: github.com/Sirupsen/logrus
  version: 51fe59aca108dc5680109e7b2051cbdcfa5a253c
- name: github.com/tylerb/graceful
  version: 9a3d4236b03bb5d26f7951134d248f9d5510d599
  vcs: git
- name: golang.org/x/net
  version: c2528b2dd8352441850638a8bb678c2ad056fd3e
  subpackages:
  - context
  - netutil
  - proxy
- name: golang.org/x/sys
  version: 833a04a10549a95dc34458c195cbad61bbb6cb4d
  subpackages:
  - windows
- name: gopkg.in/yaml.v2
  version: 14227de293ca979cf205cd88769fe71ed96a97e2
  repo: https://github.com/go-yaml/yaml.git
  vcs: git
testImports:
- name: github.com/onsi/gomega
  version: e85f63af4302dc0e4277c6008ecf803f1d80e4f0
  subpackages:
  - format
  - internal/assertion
  - internal/asyncassertion
  - internal/oraclematcher
  - internal/testingtsupport
  - matchers
  - matchers/support/goraph/bipartitegraph
  - matchers/support/goraph/edge
  - matchers/support/goraph/node
  - matchers/support/goraph/util
  - types
